
Microsoft Visual Studio Solution File, Format Version 12.00
# Visual Studio Version 16
VisualStudioVersion = 16.0.30028.174
MinimumVisualStudioVersion = 10.0.40219.1
Project("{FAE04EC0-301F-11D3-BF4B-00C04F79EFBC}") = "Demo1", "src\Demo1\Demo1.csproj", "{55FF119C-CEE2-4B7E-BE1B-7759215F8B51}"
EndProject
Global
	GlobalSection(SolutionConfigurationPlatforms) = preSolution
		Debug|Any CPU = Debug|Any CPU
		Release|Any CPU = Release|Any CPU
	EndGlobalSection
	GlobalSection(ProjectConfigurationPlatforms) = postSolution
		{55FF119C-CEE2-4B7E-BE1B-7759215F8B51}.Debug|Any CPU.ActiveCfg = Debug|Any CPU
		{55FF119C-CEE2-4B7E-BE1B-7759215F8B51}.Debug|Any CPU.Build.0 = Debug|Any CPU
		{55FF119C-CEE2-4B7E-BE1B-7759215F8B51}.Release|Any CPU.ActiveCfg = Release|Any CPU
		{55FF119C-CEE2-4B7E-BE1B-7759215F8B51}.Release|Any CPU.Build.0 = Release|Any CPU
	EndGlobalSection
	GlobalSection(SolutionProperties) = preSolution
		HideSolutionNode = FALSE
	EndGlobalSection
	GlobalSection(ExtensibilityGlobals) = postSolution
		SolutionGuid = {E58D0FAC-F405-44B0-A77D-E8E0993FA7F9}
	EndGlobalSection
EndGlobal
